
Microsoft Visual Studio Solution File, Format Version 12.00
# Visual Studio Version 17
VisualStudioVersion = 17.2.32516.85
MinimumVisualStudioVersion = 10.0.40219.1
Project("{FAE04EC0-301F-11D3-BF4B-00C04F79EFBC}") = "Traffic_Violation", "Traffic_Violation.csproj", "{171042D4-BC68-4990-9B66-2A3DFC161E73}"
EndProject
Global
	GlobalSection(SolutionConfigurationPlatforms) = preSolution
		Debug|Any CPU = Debug|Any CPU
		Release|Any CPU = Release|Any CPU
	EndGlobalSection
	GlobalSection(ProjectConfigurationPlatforms) = postSolution
		{171042D4-BC68-4990-9B66-2A3DFC161E73}.Debug|Any CPU.ActiveCfg = Debug|Any CPU
		{171042D4-BC68-4990-9B66-2A3DFC161E73}.Debug|Any CPU.Build.0 = Debug|Any CPU
		{171042D4-BC68-4990-9B66-2A3DFC161E73}.Release|Any CPU.ActiveCfg = Release|Any CPU
		{171042D4-BC68-4990-9B66-2A3DFC161E73}.Release|Any CPU.Build.0 = Release|Any CPU
	EndGlobalSection
	GlobalSection(SolutionProperties) = preSolution
		HideSolutionNode = FALSE
	EndGlobalSection
	GlobalSection(ExtensibilityGlobals) = postSolution
		SolutionGuid = {0EAE1C7D-8B12-47D1-9886-E8621D69BD01}
	EndGlobalSection
EndGlobal
